
Microsoft Visual Studio Solution File, Format Version 12.00
# Visual Studio 15
VisualStudioVersion = 15.0.27130.2020
MinimumVisualStudioVersion = 10.0.40219.1
Project("{FAE04EC0-301F-11D3-BF4B-00C04F79EFBC}") = "EjemploBot", "EjemploBot\EjemploBot.csproj", "{5F153B9D-DD4C-4841-8A40-CB3E6975868D}"
EndProject
Global
	GlobalSection(SolutionConfigurationPlatforms) = preSolution
		Debug|Any CPU = Debug|Any CPU
		Release|Any CPU = Release|Any CPU
	EndGlobalSection
	GlobalSection(ProjectConfigurationPlatforms) = postSolution
		{5F153B9D-DD4C-4841-8A40-CB3E6975868D}.Debug|Any CPU.ActiveCfg = Debug|Any CPU
		{5F153B9D-DD4C-4841-8A40-CB3E6975868D}.Debug|Any CPU.Build.0 = Debug|Any CPU
		{5F153B9D-DD4C-4841-8A40-CB3E6975868D}.Release|Any CPU.ActiveCfg = Release|Any CPU
		{5F153B9D-DD4C-4841-8A40-CB3E6975868D}.Release|Any CPU.Build.0 = Release|Any CPU
	EndGlobalSection
	GlobalSection(SolutionProperties) = preSolution
		HideSolutionNode = FALSE
	EndGlobalSection
	GlobalSection(ExtensibilityGlobals) = postSolution
		SolutionGuid = {9276A171-4246-476A-A4C9-525624F8D9C7}
	EndGlobalSection
EndGlobal
